{
  "version": "3",
  "packages": {
    "specifiers": {
      "jsr:@ayonli/jsext@^0.9.56": "jsr:@ayonli/jsext@0.9.56",
      "npm:@types/node": "npm:@types/node@18.16.19",
      "npm:iconv-lite@^0.6.3": "npm:iconv-lite@0.6.3",
      "npm:sudo-prompt@^9.2.1": "npm:sudo-prompt@9.2.1"
    },
    "jsr": {
      "@ayonli/jsext@0.9.56": {
        "integrity": "12c6a40d0bf4ec59780d2fd37158f7f323eeab2c6ebb09b5e4fb9af0d8da0fea",
        "dependencies": [
          "npm:iconv-lite@^0.6.3",
          "npm:sudo-prompt@^9.2.1"
        ]
      }
    },
    "npm": {
      "@types/node@18.16.19": {
        "integrity": "sha512-IXl7o+R9iti9eBW4Wg2hx1xQDig183jj7YLn8F7udNceyfkbn1ZxmzZXuak20gR40D7pIkIY1kYGx5VIGbaHKA==",
        "dependencies": {}
      },
      "iconv-lite@0.6.3": {
        "integrity": "sha512-4fCk79wshMdzMp2rH06qWrJE4iolqLhCUH+OiuIgU++RB0+94NlDL81atO7GX55uUKueo0txHNtvEyI6D7WdMw==",
        "dependencies": {
          "safer-buffer": "safer-buffer@2.1.2"
        }
      },
      "safer-buffer@2.1.2": {
        "integrity": "sha512-YZo3K82SD7Riyi0E1EQPojLz7kpepnSQI9IyPbHHg1XXXevb5dJI7tpyN2ADxGcQbHG7vcyRHk0cbwqcQriUtg==",
        "dependencies": {}
      },
      "sudo-prompt@9.2.1": {
        "integrity": "sha512-Mu7R0g4ig9TUuGSxJavny5Rv0egCEtpZRNMrZaYS1vxkiIxGiGUwoezU3LazIQ+KE04hTrTfNPgxU5gzi7F5Pw==",
        "dependencies": {}
      }
    }
  },
  "remote": {
    "https://cdn.sheetjs.com/xlsx-0.20.3/package/xlsx.mjs": "1a0fb062ee9781b13f6687371b202aaefc53b6ce55b530c027e01f9c087b77db"
  },
  "workspace": {
    "dependencies": [
      "jsr:@ayonli/jsext@^0.9.56"
    ]
  }
}
